
Microsoft Visual Studio Solution File, Format Version 12.00
# Visual Studio 15
VisualStudioVersion = 15.0.27703.2000
MinimumVisualStudioVersion = 10.0.40219.1
Project("{FAE04EC0-301F-11D3-BF4B-00C04F79EFBC}") = "SiteClicker", "SiteClicker.csproj", "{DEE7661C-3CC7-4CD0-9296-87811F6590E2}"
EndProject
Global
	GlobalSection(SolutionConfigurationPlatforms) = preSolution
		Debug|Any CPU = Debug|Any CPU
		Release|Any CPU = Release|Any CPU
	EndGlobalSection
	GlobalSection(ProjectConfigurationPlatforms) = postSolution
		{DEE7661C-3CC7-4CD0-9296-87811F6590E2}.Debug|Any CPU.ActiveCfg = Debug|Any CPU
		{DEE7661C-3CC7-4CD0-9296-87811F6590E2}.Debug|Any CPU.Build.0 = Debug|Any CPU
		{DEE7661C-3CC7-4CD0-9296-87811F6590E2}.Release|Any CPU.ActiveCfg = Release|Any CPU
		{DEE7661C-3CC7-4CD0-9296-87811F6590E2}.Release|Any CPU.Build.0 = Release|Any CPU
	EndGlobalSection
	GlobalSection(SolutionProperties) = preSolution
		HideSolutionNode = FALSE
	EndGlobalSection
	GlobalSection(ExtensibilityGlobals) = postSolution
		SolutionGuid = {876D49E4-DD27-4E21-8F35-12058A62C996}
	EndGlobalSection
EndGlobal
